// !$*UTF8*$!
{
	archiveVersion = 1;
	classes = {
	};
	objectVersion = 46;
	objects = {

/* Begin PBXBuildFile section */
		7C01B0C1846BDF8D6014A40C /* libPods-HackathonMusic.a in Frameworks */ = {isa = PBXBuildFile; fileRef = 6ADA1E8B9954796F42937917 /* libPods-HackathonMusic.a */; };
		8E08379A1CC2F5DE0047830C /* SwipeableCircleView.m in Sources */ = {isa = PBXBuildFile; fileRef = 8E0837991CC2F5DE0047830C /* SwipeableCircleView.m */; };
		8E08379D1CC2F5EE0047830C /* BottomContainerVC.m in Sources */ = {isa = PBXBuildFile; fileRef = 8E08379C1CC2F5EE0047830C /* BottomContainerVC.m */; };
		8EF1C1FD1CC2784300C394AF /* main.m in Sources */ = {isa = PBXBuildFile; fileRef = 8EF1C1FC1CC2784300C394AF /* main.m */; };
		8EF1C2001CC2784300C394AF /* AppDelegate.m in Sources */ = {isa = PBXBuildFile; fileRef = 8EF1C1FF1CC2784300C394AF /* AppDelegate.m */; };
		8EF1C2031CC2784300C394AF /* ViewController.m in Sources */ = {isa = PBXBuildFile; fileRef = 8EF1C2021CC2784300C394AF /* ViewController.m */; };
		8EF1C2061CC2784300C394AF /* Main.storyboard in Resources */ = {isa = PBXBuildFile; fileRef = 8EF1C2041CC2784300C394AF /* Main.storyboard */; };
		8EF1C2081CC2784300C394AF /* Assets.xcassets in Resources */ = {isa = PBXBuildFile; fileRef = 8EF1C2071CC2784300C394AF /* Assets.xcassets */; };
		8EF1C20B1CC2784300C394AF /* LaunchScreen.storyboard in Resources */ = {isa = PBXBuildFile; fileRef = 8EF1C2091CC2784300C394AF /* LaunchScreen.storyboard */; };
		8EF1C2161CC2784300C394AF /* HackathonMusicTests.m in Sources */ = {isa = PBXBuildFile; fileRef = 8EF1C2151CC2784300C394AF /* HackathonMusicTests.m */; };
		8EF1C2211CC2784300C394AF /* HackathonMusicUITests.m in Sources */ = {isa = PBXBuildFile; fileRef = 8EF1C2201CC2784300C394AF /* HackathonMusicUITests.m */; };
		8EF1C2311CC2807500C394AF /* HMMusicDiscoveryVC.m in Sources */ = {isa = PBXBuildFile; fileRef = 8EF1C2301CC2807500C394AF /* HMMusicDiscoveryVC.m */; };
		8EF1C2381CC2815100C394AF /* YSLCardView.m in Sources */ = {isa = PBXBuildFile; fileRef = 8EF1C2351CC2815100C394AF /* YSLCardView.m */; };
		8EF1C2391CC2815100C394AF /* YSLDraggableCardContainer.m in Sources */ = {isa = PBXBuildFile; fileRef = 8EF1C2371CC2815100C394AF /* YSLDraggableCardContainer.m */; };
		8EF1C2401CC2872E00C394AF /* CardView.m in Sources */ = {isa = PBXBuildFile; fileRef = 8EF1C23F1CC2872E00C394AF /* CardView.m */; };
		B000ABDC1CC2A1B600781D6A /* VisaAPI.m in Sources */ = {isa = PBXBuildFile; fileRef = B000ABDA1CC2A1B600781D6A /* VisaAPI.m */; };
		B000ABDD1CC2A1B600781D6A /* visavis_keyAndCertBundle.p12 in Resources */ = {isa = PBXBuildFile; fileRef = B000ABDB1CC2A1B600781D6A /* visavis_keyAndCertBundle.p12 */; };
		B000ABE11CC2A50C00781D6A /* SettingsVC.m in Sources */ = {isa = PBXBuildFile; fileRef = B000ABE01CC2A50C00781D6A /* SettingsVC.m */; };
		B000ABE51CC2BDC900781D6A /* HMUser.m in Sources */ = {isa = PBXBuildFile; fileRef = B000ABE41CC2BDC900781D6A /* HMUser.m */; };
		B000ABE71CC2D07B00781D6A /* pushbody.json in Resources */ = {isa = PBXBuildFile; fileRef = B000ABE61CC2D07B00781D6A /* pushbody.json */; };
		B000ABE91CC2D63900781D6A /* AVFoundation.framework in Frameworks */ = {isa = PBXBuildFile; fileRef = B000ABE81CC2D63900781D6A /* AVFoundation.framework */; };
		B000ABED1CC2D67300781D6A /* HMPlayer.m in Sources */ = {isa = PBXBuildFile; fileRef = B000ABEC1CC2D67300781D6A /* HMPlayer.m */; };
		B000ABF01CC2E09200781D6A /* Song.m in Sources */ = {isa = PBXBuildFile; fileRef = B000ABEF1CC2E09200781D6A /* Song.m */; };
		B000AC001CC3124D00781D6A /* AlunaGeorgeIRemember.mp3 in Resources */ = {isa = PBXBuildFile; fileRef = B000ABF61CC3124D00781D6A /* AlunaGeorgeIRemember.mp3 */; };
		B000AC011CC3124D00781D6A /* ASAPFergMissyElliotStrive.mp3 in Resources */ = {isa = PBXBuildFile; fileRef = B000ABF71CC3124D00781D6A /* ASAPFergMissyElliotStrive.mp3 */; };
		B000AC021CC3124D00781D6A /* DrakePopStyle.mp3 in Resources */ = {isa = PBXBuildFile; fileRef = B000ABF81CC3124D00781D6A /* DrakePopStyle.mp3 */; };
		B000AC031CC3124D00781D6A /* GalantisNoMoney.mp3 in Resources */ = {isa = PBXBuildFile; fileRef = B000ABF91CC3124D00781D6A /* GalantisNoMoney.mp3 */; };
		B000AC041CC3124D00781D6A /* JahkoyallofYOU.mp3 in Resources */ = {isa = PBXBuildFile; fileRef = B000ABFA1CC3124D00781D6A /* JahkoyallofYOU.mp3 */; };
		B000AC051CC3124D00781D6A /* KAYTRANADAGLOWEDUPAndersonPaak.mp3 in Resources */ = {isa = PBXBuildFile; fileRef = B000ABFB1CC3124D00781D6A /* KAYTRANADAGLOWEDUPAndersonPaak.mp3 */; };
		B000AC061CC3124D00781D6A /* LecraeDriaIlluminate.mp3 in Resources */ = {isa = PBXBuildFile; fileRef = B000ABFC1CC3124D00781D6A /* LecraeDriaIlluminate.mp3 */; };
		B000AC071CC3124D00781D6A /* RaeSremmurdLookAlive.mp3 in Resources */ = {isa = PBXBuildFile; fileRef = B000ABFD1CC3124D00781D6A /* RaeSremmurdLookAlive.mp3 */; };
		B000AC081CC3124D00781D6A /* WillIAMPiaMiaGirlsBoys.mp3 in Resources */ = {isa = PBXBuildFile; fileRef = B000ABFE1CC3124D00781D6A /* WillIAMPiaMiaGirlsBoys.mp3 */; };
		B000AC091CC3124D00781D6A /* YoungThugDigitsMeekMill.mp3 in Resources */ = {isa = PBXBuildFile; fileRef = B000ABFF1CC3124D00781D6A /* YoungThugDigitsMeekMill.mp3 */; };
		B000AC0B1CC3141500781D6A /* goldplay.json in Resources */ = {isa = PBXBuildFile; fileRef = B000AC0A1CC3141500781D6A /* goldplay.json */; };
		B04D7C141CC3B77800D459D9 /* COINSLOT DROP.mp3 in Resources */ = {isa = PBXBuildFile; fileRef = B04D7C131CC3B77800D459D9 /* COINSLOT DROP.mp3 */; };
		B04D7C151CC3C09E00D459D9 /* Gotham-Bold.otf in Resources */ = {isa = PBXBuildFile; fileRef = B04D7C121CC3B5DA00D459D9 /* Gotham-Bold.otf */; };
		B04D7C171CC3C2B700D459D9 /* Gotham-Book.otf in Resources */ = {isa = PBXBuildFile; fileRef = B04D7C161CC3C28000D459D9 /* Gotham-Book.otf */; };
/* End PBXBuildFile section */

/* Begin PBXContainerItemProxy section */
		8EF1C2121CC2784300C394AF /* PBXContainerItemProxy */ = {
			isa = PBXContainerItemProxy;
			containerPortal = 8EF1C1F01CC2784300C394AF /* Project object */;
			proxyType = 1;
			remoteGlobalIDString = 8EF1C1F71CC2784300C394AF;
			remoteInfo = HackathonMusic;
		};
		8EF1C21D1CC2784300C394AF /* PBXContainerItemProxy */ = {
			isa = PBXContainerItemProxy;
			containerPortal = 8EF1C1F01CC2784300C394AF /* Project object */;
			proxyType = 1;
			remoteGlobalIDString = 8EF1C1F71CC2784300C394AF;
			remoteInfo = HackathonMusic;
		};
/* End PBXContainerItemProxy section */

/* Begin PBXFileReference section */
		6ADA1E8B9954796F42937917 /* libPods-HackathonMusic.a */ = {isa = PBXFileReference; explicitFileType = archive.ar; includeInIndex = 0; path = "libPods-HackathonMusic.a"; sourceTree = BUILT_PRODUCTS_DIR; };
		8E0837981CC2F5DE0047830C /* SwipeableCircleView.h */ = {isa = PBXFileReference; fileEncoding = 4; lastKnownFileType = sourcecode.c.h; path = SwipeableCircleView.h; sourceTree = "<group>"; };
		8E0837991CC2F5DE0047830C /* SwipeableCircleView.m */ = {isa = PBXFileReference; fileEncoding = 4; lastKnownFileType = sourcecode.c.objc; path = SwipeableCircleView.m; sourceTree = "<group>"; };
		8E08379B1CC2F5EE0047830C /* BottomContainerVC.h */ = {isa = PBXFileReference; fileEncoding = 4; lastKnownFileType = sourcecode.c.h; path = BottomContainerVC.h; sourceTree = "<group>"; };
		8E08379C1CC2F5EE0047830C /* BottomContainerVC.m */ = {isa = PBXFileReference; fileEncoding = 4; lastKnownFileType = sourcecode.c.objc; path = BottomContainerVC.m; sourceTree = "<group>"; };
		8EF1C1F81CC2784300C394AF /* HackathonMusic.app */ = {isa = PBXFileReference; explicitFileType = wrapper.application; includeInIndex = 0; path = HackathonMusic.app; sourceTree = BUILT_PRODUCTS_DIR; };
		8EF1C1FC1CC2784300C394AF /* main.m */ = {isa = PBXFileReference; lastKnownFileType = sourcecode.c.objc; path = main.m; sourceTree = "<group>"; };
		8EF1C1FE1CC2784300C394AF /* AppDelegate.h */ = {isa = PBXFileReference; lastKnownFileType = sourcecode.c.h; path = AppDelegate.h; sourceTree = "<group>"; };
		8EF1C1FF1CC2784300C394AF /* AppDelegate.m */ = {isa = PBXFileReference; lastKnownFileType = sourcecode.c.objc; path = AppDelegate.m; sourceTree = "<group>"; };
		8EF1C2011CC2784300C394AF /* ViewController.h */ = {isa = PBXFileReference; lastKnownFileType = sourcecode.c.h; path = ViewController.h; sourceTree = "<group>"; };
		8EF1C2021CC2784300C394AF /* ViewController.m */ = {isa = PBXFileReference; lastKnownFileType = sourcecode.c.objc; path = ViewController.m; sourceTree = "<group>"; };
		8EF1C2051CC2784300C394AF /* Base */ = {isa = PBXFileReference; lastKnownFileType = file.storyboard; name = Base; path = Base.lproj/Main.storyboard; sourceTree = "<group>"; };
		8EF1C2071CC2784300C394AF /* Assets.xcassets */ = {isa = PBXFileReference; lastKnownFileType = folder.assetcatalog; path = Assets.xcassets; sourceTree = "<group>"; };
		8EF1C20A1CC2784300C394AF /* Base */ = {isa = PBXFileReference; lastKnownFileType = file.storyboard; name = Base; path = Base.lproj/LaunchScreen.storyboard; sourceTree = "<group>"; };
		8EF1C20C1CC2784300C394AF /* Info.plist */ = {isa = PBXFileReference; lastKnownFileType = text.plist.xml; path = Info.plist; sourceTree = "<group>"; };
		8EF1C2111CC2784300C394AF /* HackathonMusicTests.xctest */ = {isa = PBXFileReference; explicitFileType = wrapper.cfbundle; includeInIndex = 0; path = HackathonMusicTests.xctest; sourceTree = BUILT_PRODUCTS_DIR; };
		8EF1C2151CC2784300C394AF /* HackathonMusicTests.m */ = {isa = PBXFileReference; lastKnownFileType = sourcecode.c.objc; path = HackathonMusicTests.m; sourceTree = "<group>"; };
		8EF1C2171CC2784300C394AF /* Info.plist */ = {isa = PBXFileReference; lastKnownFileType = text.plist.xml; path = Info.plist; sourceTree = "<group>"; };
		8EF1C21C1CC2784300C394AF /* HackathonMusicUITests.xctest */ = {isa = PBXFileReference; explicitFileType = wrapper.cfbundle; includeInIndex = 0; path = HackathonMusicUITests.xctest; sourceTree = BUILT_PRODUCTS_DIR; };
		8EF1C2201CC2784300C394AF /* HackathonMusicUITests.m */ = {isa = PBXFileReference; lastKnownFileType = sourcecode.c.objc; path = HackathonMusicUITests.m; sourceTree = "<group>"; };
		8EF1C2221CC2784300C394AF /* Info.plist */ = {isa = PBXFileReference; lastKnownFileType = text.plist.xml; path = Info.plist; sourceTree = "<group>"; };
		8EF1C22F1CC2807500C394AF /* HMMusicDiscoveryVC.h */ = {isa = PBXFileReference; fileEncoding = 4; lastKnownFileType = sourcecode.c.h; path = HMMusicDiscoveryVC.h; sourceTree = "<group>"; };
		8EF1C2301CC2807500C394AF /* HMMusicDiscoveryVC.m */ = {isa = PBXFileReference; fileEncoding = 4; lastKnownFileType = sourcecode.c.objc; path = HMMusicDiscoveryVC.m; sourceTree = "<group>"; };
		8EF1C2341CC2815100C394AF /* YSLCardView.h */ = {isa = PBXFileReference; fileEncoding = 4; lastKnownFileType = sourcecode.c.h; path = YSLCardView.h; sourceTree = "<group>"; };
		8EF1C2351CC2815100C394AF /* YSLCardView.m */ = {isa = PBXFileReference; fileEncoding = 4; lastKnownFileType = sourcecode.c.objc; path = YSLCardView.m; sourceTree = "<group>"; };
		8EF1C2361CC2815100C394AF /* YSLDraggableCardContainer.h */ = {isa = PBXFileReference; fileEncoding = 4; lastKnownFileType = sourcecode.c.h; path = YSLDraggableCardContainer.h; sourceTree = "<group>"; };
		8EF1C2371CC2815100C394AF /* YSLDraggableCardContainer.m */ = {isa = PBXFileReference; fileEncoding = 4; lastKnownFileType = sourcecode.c.objc; path = YSLDraggableCardContainer.m; sourceTree = "<group>"; };
		8EF1C23E1CC2872E00C394AF /* CardView.h */ = {isa = PBXFileReference; fileEncoding = 4; lastKnownFileType = sourcecode.c.h; path = CardView.h; sourceTree = "<group>"; };
		8EF1C23F1CC2872E00C394AF /* CardView.m */ = {isa = PBXFileReference; fileEncoding = 4; lastKnownFileType = sourcecode.c.objc; path = CardView.m; sourceTree = "<group>"; };
		B000ABD91CC2A1B600781D6A /* VisaAPI.h */ = {isa = PBXFileReference; fileEncoding = 4; lastKnownFileType = sourcecode.c.h; path = VisaAPI.h; sourceTree = "<group>"; };
		B000ABDA1CC2A1B600781D6A /* VisaAPI.m */ = {isa = PBXFileReference; fileEncoding = 4; lastKnownFileType = sourcecode.c.objc; path = VisaAPI.m; sourceTree = "<group>"; };
		B000ABDB1CC2A1B600781D6A /* visavis_keyAndCertBundle.p12 */ = {isa = PBXFileReference; lastKnownFileType = file; path = visavis_keyAndCertBundle.p12; sourceTree = "<group>"; };
		B000ABDF1CC2A50C00781D6A /* SettingsVC.h */ = {isa = PBXFileReference; fileEncoding = 4; lastKnownFileType = sourcecode.c.h; path = SettingsVC.h; sourceTree = "<group>"; };
		B000ABE01CC2A50C00781D6A /* SettingsVC.m */ = {isa = PBXFileReference; fileEncoding = 4; lastKnownFileType = sourcecode.c.objc; path = SettingsVC.m; sourceTree = "<group>"; };
		B000ABE31CC2BDC900781D6A /* HMUser.h */ = {isa = PBXFileReference; fileEncoding = 4; lastKnownFileType = sourcecode.c.h; path = HMUser.h; sourceTree = "<group>"; };
		B000ABE41CC2BDC900781D6A /* HMUser.m */ = {isa = PBXFileReference; fileEncoding = 4; lastKnownFileType = sourcecode.c.objc; path = HMUser.m; sourceTree = "<group>"; };
		B000ABE61CC2D07B00781D6A /* pushbody.json */ = {isa = PBXFileReference; fileEncoding = 4; lastKnownFileType = text.json; path = pushbody.json; sourceTree = "<group>"; };
		B000ABE81CC2D63900781D6A /* AVFoundation.framework */ = {isa = PBXFileReference; lastKnownFileType = wrapper.framework; name = AVFoundation.framework; path = System/Library/Frameworks/AVFoundation.framework; sourceTree = SDKROOT; };
		B000ABEB1CC2D67300781D6A /* HMPlayer.h */ = {isa = PBXFileReference; fileEncoding = 4; lastKnownFileType = sourcecode.c.h; path = HMPlayer.h; sourceTree = "<group>"; };
		B000ABEC1CC2D67300781D6A /* HMPlayer.m */ = {isa = PBXFileReference; fileEncoding = 4; lastKnownFileType = sourcecode.c.objc; path = HMPlayer.m; sourceTree = "<group>"; };
		B000ABEE1CC2E09200781D6A /* Song.h */ = {isa = PBXFileReference; fileEncoding = 4; lastKnownFileType = sourcecode.c.h; path = Song.h; sourceTree = "<group>"; };
		B000ABEF1CC2E09200781D6A /* Song.m */ = {isa = PBXFileReference; fileEncoding = 4; lastKnownFileType = sourcecode.c.objc; path = Song.m; sourceTree = "<group>"; };
		B000ABF61CC3124D00781D6A /* AlunaGeorgeIRemember.mp3 */ = {isa = PBXFileReference; lastKnownFileType = audio.mp3; path = AlunaGeorgeIRemember.mp3; sourceTree = "<group>"; };
		B000ABF71CC3124D00781D6A /* ASAPFergMissyElliotStrive.mp3 */ = {isa = PBXFileReference; lastKnownFileType = audio.mp3; path = ASAPFergMissyElliotStrive.mp3; sourceTree = "<group>"; };
		B000ABF81CC3124D00781D6A /* DrakePopStyle.mp3 */ = {isa = PBXFileReference; lastKnownFileType = audio.mp3; path = DrakePopStyle.mp3; sourceTree = "<group>"; };
		B000ABF91CC3124D00781D6A /* GalantisNoMoney.mp3 */ = {isa = PBXFileReference; lastKnownFileType = audio.mp3; path = GalantisNoMoney.mp3; sourceTree = "<group>"; };
		B000ABFA1CC3124D00781D6A /* JahkoyallofYOU.mp3 */ = {isa = PBXFileReference; lastKnownFileType = audio.mp3; path = JahkoyallofYOU.mp3; sourceTree = "<group>"; };
		B000ABFB1CC3124D00781D6A /* KAYTRANADAGLOWEDUPAndersonPaak.mp3 */ = {isa = PBXFileReference; lastKnownFileType = audio.mp3; path = KAYTRANADAGLOWEDUPAndersonPaak.mp3; sourceTree = "<group>"; };
		B000ABFC1CC3124D00781D6A /* LecraeDriaIlluminate.mp3 */ = {isa = PBXFileReference; lastKnownFileType = audio.mp3; path = LecraeDriaIlluminate.mp3; sourceTree = "<group>"; };
		B000ABFD1CC3124D00781D6A /* RaeSremmurdLookAlive.mp3 */ = {isa = PBXFileReference; lastKnownFileType = audio.mp3; path = RaeSremmurdLookAlive.mp3; sourceTree = "<group>"; };
		B000ABFE1CC3124D00781D6A /* WillIAMPiaMiaGirlsBoys.mp3 */ = {isa = PBXFileReference; lastKnownFileType = audio.mp3; path = WillIAMPiaMiaGirlsBoys.mp3; sourceTree = "<group>"; };
		B000ABFF1CC3124D00781D6A /* YoungThugDigitsMeekMill.mp3 */ = {isa = PBXFileReference; lastKnownFileType = audio.mp3; path = YoungThugDigitsMeekMill.mp3; sourceTree = "<group>"; };
		B000AC0A1CC3141500781D6A /* goldplay.json */ = {isa = PBXFileReference; fileEncoding = 4; lastKnownFileType = text.json; path = goldplay.json; sourceTree = "<group>"; };
		B04D7C121CC3B5DA00D459D9 /* Gotham-Bold.otf */ = {isa = PBXFileReference; lastKnownFileType = file; path = "Gotham-Bold.otf"; sourceTree = "<group>"; };
		B04D7C131CC3B77800D459D9 /* COINSLOT DROP.mp3 */ = {isa = PBXFileReference; lastKnownFileType = audio.mp3; path = "COINSLOT DROP.mp3"; sourceTree = "<group>"; };
		B04D7C161CC3C28000D459D9 /* Gotham-Book.otf */ = {isa = PBXFileReference; lastKnownFileType = file; path = "Gotham-Book.otf"; sourceTree = "<group>"; };
		BD0BD7DE1A21073C4609B058 /* Pods-HackathonMusic.debug.xcconfig */ = {isa = PBXFileReference; includeInIndex = 1; lastKnownFileType = text.xcconfig; name = "Pods-HackathonMusic.debug.xcconfig"; path = "Pods/Target Support Files/Pods-HackathonMusic/Pods-HackathonMusic.debug.xcconfig"; sourceTree = "<group>"; };
		CF1FFA21F4D2044E233BEE47 /* Pods-HackathonMusic.release.xcconfig */ = {isa = PBXFileReference; includeInIndex = 1; lastKnownFileType = text.xcconfig; name = "Pods-HackathonMusic.release.xcconfig"; path = "Pods/Target Support Files/Pods-HackathonMusic/Pods-HackathonMusic.release.xcconfig"; sourceTree = "<group>"; };
/* End PBXFileReference section */

/* Begin PBXFrameworksBuildPhase section */
		8EF1C1F51CC2784300C394AF /* Frameworks */ = {
			isa = PBXFrameworksBuildPhase;
			buildActionMask = 2147483647;
			files = (
				B000ABE91CC2D63900781D6A /* AVFoundation.framework in Frameworks */,
				7C01B0C1846BDF8D6014A40C /* libPods-HackathonMusic.a in Frameworks */,
			);
			runOnlyForDeploymentPostprocessing = 0;
		};
		8EF1C20E1CC2784300C394AF /* Frameworks */ = {
			isa = PBXFrameworksBuildPhase;
			buildActionMask = 2147483647;
			files = (
			);
			runOnlyForDeploymentPostprocessing = 0;
		};
		8EF1C2191CC2784300C394AF /* Frameworks */ = {
			isa = PBXFrameworksBuildPhase;
			buildActionMask = 2147483647;
			files = (
			);
			runOnlyForDeploymentPostprocessing = 0;
		};
/* End PBXFrameworksBuildPhase section */

/* Begin PBXGroup section */
		584F5C5032B130F3D603462A /* Pods */ = {
			isa = PBXGroup;
			children = (
				BD0BD7DE1A21073C4609B058 /* Pods-HackathonMusic.debug.xcconfig */,
				CF1FFA21F4D2044E233BEE47 /* Pods-HackathonMusic.release.xcconfig */,
			);
			name = Pods;
			sourceTree = "<group>";
		};
		8EF1C1EF1CC2784300C394AF = {
			isa = PBXGroup;
			children = (
				8EF1C1FA1CC2784300C394AF /* HackathonMusic */,
				8EF1C2141CC2784300C394AF /* HackathonMusicTests */,
				8EF1C21F1CC2784300C394AF /* HackathonMusicUITests */,
				8EF1C1F91CC2784300C394AF /* Products */,
				584F5C5032B130F3D603462A /* Pods */,
				F05BEDDBF7C30E4624033BBD /* Frameworks */,
			);
			sourceTree = "<group>";
		};
		8EF1C1F91CC2784300C394AF /* Products */ = {
			isa = PBXGroup;
			children = (
				8EF1C1F81CC2784300C394AF /* HackathonMusic.app */,
				8EF1C2111CC2784300C394AF /* HackathonMusicTests.xctest */,
				8EF1C21C1CC2784300C394AF /* HackathonMusicUITests.xctest */,
			);
			name = Products;
			sourceTree = "<group>";
		};
		8EF1C1FA1CC2784300C394AF /* HackathonMusic */ = {
			isa = PBXGroup;
			children = (
				B000ABF31CC2E96B00781D6A /* MusicFiles */,
				B000ABEA1CC2D65300781D6A /* Player */,
				B000ABE21CC2BDA700781D6A /* Model */,
				B000ABDE1CC2A4EF00781D6A /* Tab3 */,
				8EF1C2321CC2813800C394AF /* 3rd Party */,
				8EF1C22E1CC27F5500C394AF /* Tab1 */,
				8EF1C1FE1CC2784300C394AF /* AppDelegate.h */,
				8EF1C1FF1CC2784300C394AF /* AppDelegate.m */,
				8EF1C2011CC2784300C394AF /* ViewController.h */,
				8EF1C2021CC2784300C394AF /* ViewController.m */,
				8EF1C2041CC2784300C394AF /* Main.storyboard */,
				B000ABD91CC2A1B600781D6A /* VisaAPI.h */,
				B000ABDA1CC2A1B600781D6A /* VisaAPI.m */,
				B04D7C161CC3C28000D459D9 /* Gotham-Book.otf */,
				B04D7C121CC3B5DA00D459D9 /* Gotham-Bold.otf */,
				B000AC0A1CC3141500781D6A /* goldplay.json */,
				B000ABE61CC2D07B00781D6A /* pushbody.json */,
				B000ABDB1CC2A1B600781D6A /* visavis_keyAndCertBundle.p12 */,
				8EF1C2071CC2784300C394AF /* Assets.xcassets */,
				8EF1C2091CC2784300C394AF /* LaunchScreen.storyboard */,
				8EF1C20C1CC2784300C394AF /* Info.plist */,
				8EF1C1FB1CC2784300C394AF /* Supporting Files */,
			);
			path = HackathonMusic;
			sourceTree = "<group>";
		};
		8EF1C1FB1CC2784300C394AF /* Supporting Files */ = {
			isa = PBXGroup;
			children = (
				8EF1C1FC1CC2784300C394AF /* main.m */,
			);
			name = "Supporting Files";
			sourceTree = "<group>";
		};
		8EF1C2141CC2784300C394AF /* HackathonMusicTests */ = {
			isa = PBXGroup;
			children = (
				8EF1C2151CC2784300C394AF /* HackathonMusicTests.m */,
				8EF1C2171CC2784300C394AF /* Info.plist */,
			);
			path = HackathonMusicTests;
			sourceTree = "<group>";
		};
		8EF1C21F1CC2784300C394AF /* HackathonMusicUITests */ = {
			isa = PBXGroup;
			children = (
				8EF1C2201CC2784300C394AF /* HackathonMusicUITests.m */,
				8EF1C2221CC2784300C394AF /* Info.plist */,
			);
			path = HackathonMusicUITests;
			sourceTree = "<group>";
		};
		8EF1C22E1CC27F5500C394AF /* Tab1 */ = {
			isa = PBXGroup;
			children = (
				8E08379B1CC2F5EE0047830C /* BottomContainerVC.h */,
				8E08379C1CC2F5EE0047830C /* BottomContainerVC.m */,
				8E0837981CC2F5DE0047830C /* SwipeableCircleView.h */,
				8E0837991CC2F5DE0047830C /* SwipeableCircleView.m */,
				8EF1C22F1CC2807500C394AF /* HMMusicDiscoveryVC.h */,
				8EF1C2301CC2807500C394AF /* HMMusicDiscoveryVC.m */,
			);
			name = Tab1;
			sourceTree = "<group>";
		};
		8EF1C2321CC2813800C394AF /* 3rd Party */ = {
			isa = PBXGroup;
			children = (
				8EF1C2331CC2815100C394AF /* YSLDraggableCardContainer */,
			);
			name = "3rd Party";
			sourceTree = "<group>";
		};
		8EF1C2331CC2815100C394AF /* YSLDraggableCardContainer */ = {
			isa = PBXGroup;
			children = (
				8EF1C23E1CC2872E00C394AF /* CardView.h */,
				8EF1C23F1CC2872E00C394AF /* CardView.m */,
				8EF1C2341CC2815100C394AF /* YSLCardView.h */,
				8EF1C2351CC2815100C394AF /* YSLCardView.m */,
				8EF1C2361CC2815100C394AF /* YSLDraggableCardContainer.h */,
				8EF1C2371CC2815100C394AF /* YSLDraggableCardContainer.m */,
			);
			path = YSLDraggableCardContainer;
			sourceTree = "<group>";
		};
		B000ABDE1CC2A4EF00781D6A /* Tab3 */ = {
			isa = PBXGroup;
			children = (
				B000ABDF1CC2A50C00781D6A /* SettingsVC.h */,
				B000ABE01CC2A50C00781D6A /* SettingsVC.m */,
			);
			name = Tab3;
			sourceTree = "<group>";
		};
		B000ABE21CC2BDA700781D6A /* Model */ = {
			isa = PBXGroup;
			children = (
				B000ABE31CC2BDC900781D6A /* HMUser.h */,
				B000ABE41CC2BDC900781D6A /* HMUser.m */,
				B000ABEE1CC2E09200781D6A /* Song.h */,
				B000ABEF1CC2E09200781D6A /* Song.m */,
			);
			name = Model;
			sourceTree = "<group>";
		};
		B000ABEA1CC2D65300781D6A /* Player */ = {
			isa = PBXGroup;
			children = (
				B000ABEB1CC2D67300781D6A /* HMPlayer.h */,
				B000ABEC1CC2D67300781D6A /* HMPlayer.m */,
			);
			name = Player;
			sourceTree = "<group>";
		};
		B000ABF31CC2E96B00781D6A /* MusicFiles */ = {
			isa = PBXGroup;
			children = (
				B04D7C131CC3B77800D459D9 /* COINSLOT DROP.mp3 */,
				B000ABF61CC3124D00781D6A /* AlunaGeorgeIRemember.mp3 */,
				B000ABF71CC3124D00781D6A /* ASAPFergMissyElliotStrive.mp3 */,
				B000ABF81CC3124D00781D6A /* DrakePopStyle.mp3 */,
				B000ABF91CC3124D00781D6A /* GalantisNoMoney.mp3 */,
				B000ABFA1CC3124D00781D6A /* JahkoyallofYOU.mp3 */,
				B000ABFB1CC3124D00781D6A /* KAYTRANADAGLOWEDUPAndersonPaak.mp3 */,
				B000ABFC1CC3124D00781D6A /* LecraeDriaIlluminate.mp3 */,
				B000ABFD1CC3124D00781D6A /* RaeSremmurdLookAlive.mp3 */,
				B000ABFE1CC3124D00781D6A /* WillIAMPiaMiaGirlsBoys.mp3 */,
				B000ABFF1CC3124D00781D6A /* YoungThugDigitsMeekMill.mp3 */,
			);
			name = MusicFiles;
			sourceTree = "<group>";
		};
		F05BEDDBF7C30E4624033BBD /* Frameworks */ = {
			isa = PBXGroup;
			children = (
				B000ABE81CC2D63900781D6A /* AVFoundation.framework */,
				6ADA1E8B9954796F42937917 /* libPods-HackathonMusic.a */,
			);
			name = Frameworks;
			sourceTree = "<group>";
		};
/* End PBXGroup section */

/* Begin PBXNativeTarget section */
		8EF1C1F71CC2784300C394AF /* HackathonMusic */ = {
			isa = PBXNativeTarget;
			buildConfigurationList = 8EF1C2251CC2784300C394AF /* Build configuration list for PBXNativeTarget "HackathonMusic" */;
			buildPhases = (
				3FF826889BC45F06860ED8BC /* Check Pods Manifest.lock */,
				8EF1C1F41CC2784300C394AF /* Sources */,
				8EF1C1F51CC2784300C394AF /* Frameworks */,
				8EF1C1F61CC2784300C394AF /* Resources */,
				D95FFF84D815507E6CB824E9 /* Embed Pods Frameworks */,
				7058B1F0283924A4C484F818 /* Copy Pods Resources */,
			);
			buildRules = (
			);
			dependencies = (
			);
			name = HackathonMusic;
			productName = HackathonMusic;
			productReference = 8EF1C1F81CC2784300C394AF /* HackathonMusic.app */;
			productType = "com.apple.product-type.application";
		};
		8EF1C2101CC2784300C394AF /* HackathonMusicTests */ = {
			isa = PBXNativeTarget;
			buildConfigurationList = 8EF1C2281CC2784300C394AF /* Build configuration list for PBXNativeTarget "HackathonMusicTests" */;
			buildPhases = (
				8EF1C20D1CC2784300C394AF /* Sources */,
				8EF1C20E1CC2784300C394AF /* Frameworks */,
				8EF1C20F1CC2784300C394AF /* Resources */,
			);
			buildRules = (
			);
			dependencies = (
				8EF1C2131CC2784300C394AF /* PBXTargetDependency */,
			);
			name = HackathonMusicTests;
			productName = HackathonMusicTests;
			productReference = 8EF1C2111CC2784300C394AF /* HackathonMusicTests.xctest */;
			productType = "com.apple.product-type.bundle.unit-test";
		};
		8EF1C21B1CC2784300C394AF /* HackathonMusicUITests */ = {
			isa = PBXNativeTarget;
			buildConfigurationList = 8EF1C22B1CC2784300C394AF /* Build configuration list for PBXNativeTarget "HackathonMusicUITests" */;
			buildPhases = (
				8EF1C2181CC2784300C394AF /* Sources */,
				8EF1C2191CC2784300C394AF /* Frameworks */,
				8EF1C21A1CC2784300C394AF /* Resources */,
			);
			buildRules = (
			);
			dependencies = (
				8EF1C21E1CC2784300C394AF /* PBXTargetDependency */,
			);
			name = HackathonMusicUITests;
			productName = HackathonMusicUITests;
			productReference = 8EF1C21C1CC2784300C394AF /* HackathonMusicUITests.xctest */;
			productType = "com.apple.product-type.bundle.ui-testing";
		};
/* End PBXNativeTarget section */

/* Begin PBXProject section */
		8EF1C1F01CC2784300C394AF /* Project object */ = {
			isa = PBXProject;
			attributes = {
				LastUpgradeCheck = 0730;
				ORGANIZATIONNAME = "Everett Gilmore";
				TargetAttributes = {
					8EF1C1F71CC2784300C394AF = {
						CreatedOnToolsVersion = 7.3;
						DevelopmentTeam = DTK4H4493M;
					};
					8EF1C2101CC2784300C394AF = {
						CreatedOnToolsVersion = 7.3;
						TestTargetID = 8EF1C1F71CC2784300C394AF;
					};
					8EF1C21B1CC2784300C394AF = {
						CreatedOnToolsVersion = 7.3;
						TestTargetID = 8EF1C1F71CC2784300C394AF;
					};
				};
			};
			buildConfigurationList = 8EF1C1F31CC2784300C394AF /* Build configuration list for PBXProject "HackathonMusic" */;
			compatibilityVersion = "Xcode 3.2";
			developmentRegion = English;
			hasScannedForEncodings = 0;
			knownRegions = (
				en,
				Base,
			);
			mainGroup = 8EF1C1EF1CC2784300C394AF;
			productRefGroup = 8EF1C1F91CC2784300C394AF /* Products */;
			projectDirPath = "";
			projectRoot = "";
			targets = (
				8EF1C1F71CC2784300C394AF /* HackathonMusic */,
				8EF1C2101CC2784300C394AF /* HackathonMusicTests */,
				8EF1C21B1CC2784300C394AF /* HackathonMusicUITests */,
			);
		};
/* End PBXProject section */

/* Begin PBXResourcesBuildPhase section */
		8EF1C1F61CC2784300C394AF /* Resources */ = {
			isa = PBXResourcesBuildPhase;
			buildActionMask = 2147483647;
			files = (
				B000AC071CC3124D00781D6A /* RaeSremmurdLookAlive.mp3 in Resources */,
				B000AC031CC3124D00781D6A /* GalantisNoMoney.mp3 in Resources */,
				B000AC021CC3124D00781D6A /* DrakePopStyle.mp3 in Resources */,
				B000AC001CC3124D00781D6A /* AlunaGeorgeIRemember.mp3 in Resources */,
				B000ABE71CC2D07B00781D6A /* pushbody.json in Resources */,
				8EF1C20B1CC2784300C394AF /* LaunchScreen.storyboard in Resources */,
				B04D7C151CC3C09E00D459D9 /* Gotham-Bold.otf in Resources */,
				B000AC091CC3124D00781D6A /* YoungThugDigitsMeekMill.mp3 in Resources */,
				B000AC081CC3124D00781D6A /* WillIAMPiaMiaGirlsBoys.mp3 in Resources */,
				B000AC041CC3124D00781D6A /* JahkoyallofYOU.mp3 in Resources */,
				B000ABDD1CC2A1B600781D6A /* visavis_keyAndCertBundle.p12 in Resources */,
				B000AC061CC3124D00781D6A /* LecraeDriaIlluminate.mp3 in Resources */,
				B04D7C141CC3B77800D459D9 /* COINSLOT DROP.mp3 in Resources */,
				8EF1C2081CC2784300C394AF /* Assets.xcassets in Resources */,
				8EF1C2061CC2784300C394AF /* Main.storyboard in Resources */,
				B000AC051CC3124D00781D6A /* KAYTRANADAGLOWEDUPAndersonPaak.mp3 in Resources */,
				B04D7C171CC3C2B700D459D9 /* Gotham-Book.otf in Resources */,
				B000AC011CC3124D00781D6A /* ASAPFergMissyElliotStrive.mp3 in Resources */,
				B000AC0B1CC3141500781D6A /* goldplay.json in Resources */,
			);
			runOnlyForDeploymentPostprocessing = 0;
		};
		8EF1C20F1CC2784300C394AF /* Resources */ = {
			isa = PBXResourcesBuildPhase;
			buildActionMask = 2147483647;
			files = (
			);
			runOnlyForDeploymentPostprocessing = 0;
		};
		8EF1C21A1CC2784300C394AF /* Resources */ = {
			isa = PBXResourcesBuildPhase;
			buildActionMask = 2147483647;
			files = (
			);
			runOnlyForDeploymentPostprocessing = 0;
		};
/* End PBXResourcesBuildPhase section */

/* Begin PBXShellScriptBuildPhase section */
		3FF826889BC45F06860ED8BC /* Check Pods Manifest.lock */ = {
			isa = PBXShellScriptBuildPhase;
			buildActionMask = 2147483647;
			files = (
			);
			inputPaths = (
			);
			name = "Check Pods Manifest.lock";
			outputPaths = (
			);
			runOnlyForDeploymentPostprocessing = 0;
			shellPath = /bin/sh;
			shellScript = "diff \"${PODS_ROOT}/../Podfile.lock\" \"${PODS_ROOT}/Manifest.lock\" > /dev/null\nif [[ $? != 0 ]] ; then\n    cat << EOM\nerror: The sandbox is not in sync with the Podfile.lock. Run 'pod install' or update your CocoaPods installation.\nEOM\n    exit 1\nfi\n";
			showEnvVarsInLog = 0;
		};
		7058B1F0283924A4C484F818 /* Copy Pods Resources */ = {
			isa = PBXShellScriptBuildPhase;
			buildActionMask = 2147483647;
			files = (
			);
			inputPaths = (
			);
			name = "Copy Pods Resources";
			outputPaths = (
			);
			runOnlyForDeploymentPostprocessing = 0;
			shellPath = /bin/sh;
			shellScript = "\"${SRCROOT}/Pods/Target Support Files/Pods-HackathonMusic/Pods-HackathonMusic-resources.sh\"\n";
			showEnvVarsInLog = 0;
		};
		D95FFF84D815507E6CB824E9 /* Embed Pods Frameworks */ = {
			isa = PBXShellScriptBuildPhase;
			buildActionMask = 2147483647;
			files = (
			);
			inputPaths = (
			);
			name = "Embed Pods Frameworks";
			outputPaths = (
			);
			runOnlyForDeploymentPostprocessing = 0;
			shellPath = /bin/sh;
			shellScript = "\"${SRCROOT}/Pods/Target Support Files/Pods-HackathonMusic/Pods-HackathonMusic-frameworks.sh\"\n";
			showEnvVarsInLog = 0;
		};
/* End PBXShellScriptBuildPhase section */

/* Begin PBXSourcesBuildPhase section */
		8EF1C1F41CC2784300C394AF /* Sources */ = {
			isa = PBXSourcesBuildPhase;
			buildActionMask = 2147483647;
			files = (
				B000ABF01CC2E09200781D6A /* Song.m in Sources */,
				8EF1C2391CC2815100C394AF /* YSLDraggableCardContainer.m in Sources */,
				B000ABDC1CC2A1B600781D6A /* VisaAPI.m in Sources */,
				8EF1C2381CC2815100C394AF /* YSLCardView.m in Sources */,
				8E08379A1CC2F5DE0047830C /* SwipeableCircleView.m in Sources */,
				8EF1C2031CC2784300C394AF /* ViewController.m in Sources */,
				8EF1C2001CC2784300C394AF /* AppDelegate.m in Sources */,
				8E08379D1CC2F5EE0047830C /* BottomContainerVC.m in Sources */,
				B000ABE11CC2A50C00781D6A /* SettingsVC.m in Sources */,
				8EF1C2311CC2807500C394AF /* HMMusicDiscoveryVC.m in Sources */,
				8EF1C1FD1CC2784300C394AF /* main.m in Sources */,
				8EF1C2401CC2872E00C394AF /* CardView.m in Sources */,
				B000ABED1CC2D67300781D6A /* HMPlayer.m in Sources */,
				B000ABE51CC2BDC900781D6A /* HMUser.m in Sources */,
			);
			runOnlyForDeploymentPostprocessing = 0;
		};
		8EF1C20D1CC2784300C394AF /* Sources */ = {
			isa = PBXSourcesBuildPhase;
			buildActionMask = 2147483647;
			files = (
				8EF1C2161CC2784300C394AF /* HackathonMusicTests.m in Sources */,
			);
			runOnlyForDeploymentPostprocessing = 0;
		};
		8EF1C2181CC2784300C394AF /* Sources */ = {
			isa = PBXSourcesBuildPhase;
			buildActionMask = 2147483647;
			files = (
				8EF1C2211CC2784300C394AF /* HackathonMusicUITests.m in Sources */,
			);
			runOnlyForDeploymentPostprocessing = 0;
		};
/* End PBXSourcesBuildPhase section */

/* Begin PBXTargetDependency section */
		8EF1C2131CC2784300C394AF /* PBXTargetDependency */ = {
			isa = PBXTargetDependency;
			target = 8EF1C1F71CC2784300C394AF /* HackathonMusic */;
			targetProxy = 8EF1C2121CC2784300C394AF /* PBXContainerItemProxy */;
		};
		8EF1C21E1CC2784300C394AF /* PBXTargetDependency */ = {
			isa = PBXTargetDependency;
			target = 8EF1C1F71CC2784300C394AF /* HackathonMusic */;
			targetProxy = 8EF1C21D1CC2784300C394AF /* PBXContainerItemProxy */;
		};
/* End PBXTargetDependency section */

/* Begin PBXVariantGroup section */
		8EF1C2041CC2784300C394AF /* Main.storyboard */ = {
			isa = PBXVariantGroup;
			children = (
				8EF1C2051CC2784300C394AF /* Base */,
			);
			name = Main.storyboard;
			sourceTree = "<group>";
		};
		8EF1C2091CC2784300C394AF /* LaunchScreen.storyboard */ = {
			isa = PBXVariantGroup;
			children = (
				8EF1C20A1CC2784300C394AF /* Base */,
			);
			name = LaunchScreen.storyboard;
			sourceTree = "<group>";
		};
/* End PBXVariantGroup section */

/* Begin XCBuildConfiguration section */
		8EF1C2231CC2784300C394AF /* Debug */ = {
			isa = XCBuildConfiguration;
			buildSettings = {
				ALWAYS_SEARCH_USER_PATHS = NO;
				CLANG_ANALYZER_NONNULL = YES;
				CLANG_CXX_LANGUAGE_STANDARD = "gnu++0x";
				CLANG_CXX_LIBRARY = "libc++";
				CLANG_ENABLE_MODULES = YES;
				CLANG_ENABLE_OBJC_ARC = YES;
				CLANG_WARN_BOOL_CONVERSION = YES;
				CLANG_WARN_CONSTANT_CONVERSION = YES;
				CLANG_WARN_DIRECT_OBJC_ISA_USAGE = YES_ERROR;
				CLANG_WARN_EMPTY_BODY = YES;
				CLANG_WARN_ENUM_CONVERSION = YES;
				CLANG_WARN_INT_CONVERSION = YES;
				CLANG_WARN_OBJC_ROOT_CLASS = YES_ERROR;
				CLANG_WARN_UNREACHABLE_CODE = YES;
				CLANG_WARN__DUPLICATE_METHOD_MATCH = YES;
				"CODE_SIGN_IDENTITY[sdk=iphoneos*]" = "iPhone Developer";
				COPY_PHASE_STRIP = NO;
				DEBUG_INFORMATION_FORMAT = dwarf;
				ENABLE_STRICT_OBJC_MSGSEND = YES;
				ENABLE_TESTABILITY = YES;
				GCC_C_LANGUAGE_STANDARD = gnu99;
				GCC_DYNAMIC_NO_PIC = NO;
				GCC_NO_COMMON_BLOCKS = YES;
				GCC_OPTIMIZATION_LEVEL = 0;
				GCC_PREPROCESSOR_DEFINITIONS = (
					"DEBUG=1",
					"$(inherited)",
				);
				GCC_WARN_64_TO_32_BIT_CONVERSION = YES;
				GCC_WARN_ABOUT_RETURN_TYPE = YES_ERROR;
				GCC_WARN_UNDECLARED_SELECTOR = YES;
				GCC_WARN_UNINITIALIZED_AUTOS = YES_AGGRESSIVE;
				GCC_WARN_UNUSED_FUNCTION = YES;
				GCC_WARN_UNUSED_VARIABLE = YES;
				IPHONEOS_DEPLOYMENT_TARGET = 9.3;
				MTL_ENABLE_DEBUG_INFO = YES;
				ONLY_ACTIVE_ARCH = YES;
				SDKROOT = iphoneos;
			};
			name = Debug;
		};
		8EF1C2241CC2784300C394AF /* Release */ = {
			isa = XCBuildConfiguration;
			buildSettings = {
				ALWAYS_SEARCH_USER_PATHS = NO;
				CLANG_ANALYZER_NONNULL = YES;
				CLANG_CXX_LANGUAGE_STANDARD = "gnu++0x";
				CLANG_CXX_LIBRARY = "libc++";
				CLANG_ENABLE_MODULES = YES;
				CLANG_ENABLE_OBJC_ARC = YES;
				CLANG_WARN_BOOL_CONVERSION = YES;
				CLANG_WARN_CONSTANT_CONVERSION = YES;
				CLANG_WARN_DIRECT_OBJC_ISA_USAGE = YES_ERROR;
				CLANG_WARN_EMPTY_BODY = YES;
				CLANG_WARN_ENUM_CONVERSION = YES;
				CLANG_WARN_INT_CONVERSION = YES;
				CLANG_WARN_OBJC_ROOT_CLASS = YES_ERROR;
				CLANG_WARN_UNREACHABLE_CODE = YES;
				CLANG_WARN__DUPLICATE_METHOD_MATCH = YES;
				"CODE_SIGN_IDENTITY[sdk=iphoneos*]" = "iPhone Developer";
				COPY_PHASE_STRIP = NO;
				DEBUG_INFORMATION_FORMAT = "dwarf-with-dsym";
				ENABLE_NS_ASSERTIONS = NO;
				ENABLE_STRICT_OBJC_MSGSEND = YES;
				GCC_C_LANGUAGE_STANDARD = gnu99;
				GCC_NO_COMMON_BLOCKS = YES;
				GCC_WARN_64_TO_32_BIT_CONVERSION = YES;
				GCC_WARN_ABOUT_RETURN_TYPE = YES_ERROR;
				GCC_WARN_UNDECLARED_SELECTOR = YES;
				GCC_WARN_UNINITIALIZED_AUTOS = YES_AGGRESSIVE;
				GCC_WARN_UNUSED_FUNCTION = YES;
				GCC_WARN_UNUSED_VARIABLE = YES;
				IPHONEOS_DEPLOYMENT_TARGET = 9.3;
				MTL_ENABLE_DEBUG_INFO = NO;
				SDKROOT = iphoneos;
				VALIDATE_PRODUCT = YES;
			};
			name = Release;
		};
		8EF1C2261CC2784300C394AF /* Debug */ = {
			isa = XCBuildConfiguration;
			baseConfigurationReference = BD0BD7DE1A21073C4609B058 /* Pods-HackathonMusic.debug.xcconfig */;
			buildSettings = {
				ASSETCATALOG_COMPILER_APPICON_NAME = AppIcon;
				CODE_SIGN_IDENTITY = "iPhone Developer";
				INFOPLIST_FILE = HackathonMusic/Info.plist;
				LD_RUNPATH_SEARCH_PATHS = "$(inherited) @executable_path/Frameworks";
				PRODUCT_BUNDLE_IDENTIFIER = com.Emerge16.BelieveIt;
				PRODUCT_NAME = "$(TARGET_NAME)";
				PROVISIONING_PROFILE = "";
			};
			name = Debug;
		};
		8EF1C2271CC2784300C394AF /* Release */ = {
			isa = XCBuildConfiguration;
			baseConfigurationReference = CF1FFA21F4D2044E233BEE47 /* Pods-HackathonMusic.release.xcconfig */;
			buildSettings = {
				ASSETCATALOG_COMPILER_APPICON_NAME = AppIcon;
				CODE_SIGN_IDENTITY = "iPhone Developer";
				INFOPLIST_FILE = HackathonMusic/Info.plist;
				LD_RUNPATH_SEARCH_PATHS = "$(inherited) @executable_path/Frameworks";
				PRODUCT_BUNDLE_IDENTIFIER = com.Emerge16.BelieveIt;
				PRODUCT_NAME = "$(TARGET_NAME)";
				PROVISIONING_PROFILE = "";
			};
			name = Release;
		};
		8EF1C2291CC2784300C394AF /* Debug */ = {
			isa = XCBuildConfiguration;
			buildSettings = {
				BUNDLE_LOADER = "$(TEST_HOST)";
				INFOPLIST_FILE = HackathonMusicTests/Info.plist;
				LD_RUNPATH_SEARCH_PATHS = "$(inherited) @executable_path/Frameworks @loader_path/Frameworks";
				PRODUCT_BUNDLE_IDENTIFIER = com.hackathonmusic.HackathonMusicTests;
				PRODUCT_NAME = "$(TARGET_NAME)";
				TEST_HOST = "$(BUILT_PRODUCTS_DIR)/HackathonMusic.app/HackathonMusic";
			};
			name = Debug;
		};
		8EF1C22A1CC2784300C394AF /* Release */ = {
			isa = XCBuildConfiguration;
			buildSettings = {
				BUNDLE_LOADER = "$(TEST_HOST)";
				INFOPLIST_FILE = HackathonMusicTests/Info.plist;
				LD_RUNPATH_SEARCH_PATHS = "$(inherited) @executable_path/Frameworks @loader_path/Frameworks";
				PRODUCT_BUNDLE_IDENTIFIER = com.hackathonmusic.HackathonMusicTests;
				PRODUCT_NAME = "$(TARGET_NAME)";
				TEST_HOST = "$(BUILT_PRODUCTS_DIR)/HackathonMusic.app/HackathonMusic";
			};
			name = Release;
		};
		8EF1C22C1CC2784300C394AF /* Debug */ = {
			isa = XCBuildConfiguration;
			buildSettings = {
				INFOPLIST_FILE = HackathonMusicUITests/Info.plist;
				LD_RUNPATH_SEARCH_PATHS = "$(inherited) @executable_path/Frameworks @loader_path/Frameworks";
				PRODUCT_BUNDLE_IDENTIFIER = com.hackathonmusic.HackathonMusicUITests;
				PRODUCT_NAME = "$(TARGET_NAME)";
				TEST_TARGET_NAME = HackathonMusic;
			};
			name = Debug;
		};
		8EF1C22D1CC2784300C394AF /* Release */ = {
			isa = XCBuildConfiguration;
			buildSettings = {
				INFOPLIST_FILE = HackathonMusicUITests/Info.plist;
				LD_RUNPATH_SEARCH_PATHS = "$(inherited) @executable_path/Frameworks @loader_path/Frameworks";
				PRODUCT_BUNDLE_IDENTIFIER = com.hackathonmusic.HackathonMusicUITests;
				PRODUCT_NAME = "$(TARGET_NAME)";
				TEST_TARGET_NAME = HackathonMusic;
			};
			name = Release;
		};
/* End XCBuildConfiguration section */

/* Begin XCConfigurationList section */
		8EF1C1F31CC2784300C394AF /* Build configuration list for PBXProject "HackathonMusic" */ = {
			isa = XCConfigurationList;
			buildConfigurations = (
				8EF1C2231CC2784300C394AF /* Debug */,
				8EF1C2241CC2784300C394AF /* Release */,
			);
			defaultConfigurationIsVisible = 0;
			defaultConfigurationName = Release;
		};
		8EF1C2251CC2784300C394AF /* Build configuration list for PBXNativeTarget "HackathonMusic" */ = {
			isa = XCConfigurationList;
			buildConfigurations = (
				8EF1C2261CC2784300C394AF /* Debug */,
				8EF1C2271CC2784300C394AF /* Release */,
			);
			defaultConfigurationIsVisible = 0;
			defaultConfigurationName = Release;
		};
		8EF1C2281CC2784300C394AF /* Build configuration list for PBXNativeTarget "HackathonMusicTests" */ = {
			isa = XCConfigurationList;
			buildConfigurations = (
				8EF1C2291CC2784300C394AF /* Debug */,
				8EF1C22A1CC2784300C394AF /* Release */,
			);
			defaultConfigurationIsVisible = 0;
			defaultConfigurationName = Release;
		};
		8EF1C22B1CC2784300C394AF /* Build configuration list for PBXNativeTarget "HackathonMusicUITests" */ = {
			isa = XCConfigurationList;
			buildConfigurations = (
				8EF1C22C1CC2784300C394AF /* Debug */,
				8EF1C22D1CC2784300C394AF /* Release */,
			);
			defaultConfigurationIsVisible = 0;
			defaultConfigurationName = Release;
		};
/* End XCConfigurationList section */
	};
	rootObject = 8EF1C1F01CC2784300C394AF /* Project object */;
}
